
Microsoft Visual Studio Solution File, Format Version 12.00
# Visual Studio Version 17
VisualStudioVersion = 17.11.35312.102
MinimumVisualStudioVersion = 10.0.40219.1
Project("{FAE04EC0-301F-11D3-BF4B-00C04F79EFBC}") = "MilkBarLauncher-CLI", "MilkBarLauncher-CLI.csproj", "{19CAE6A9-C937-4BDB-805D-039E96F360FB}"
EndProject
Global
	GlobalSection(SolutionConfigurationPlatforms) = preSolution
		Debug|Any CPU = Debug|Any CPU
		Release|Any CPU = Release|Any CPU
	EndGlobalSection
	GlobalSection(ProjectConfigurationPlatforms) = postSolution
		{19CAE6A9-C937-4BDB-805D-039E96F360FB}.Debug|Any CPU.ActiveCfg = Debug|Any CPU
		{19CAE6A9-C937-4BDB-805D-039E96F360FB}.Debug|Any CPU.Build.0 = Debug|Any CPU
		{19CAE6A9-C937-4BDB-805D-039E96F360FB}.Release|Any CPU.ActiveCfg = Release|Any CPU
		{19CAE6A9-C937-4BDB-805D-039E96F360FB}.Release|Any CPU.Build.0 = Release|Any CPU
	EndGlobalSection
	GlobalSection(SolutionProperties) = preSolution
		HideSolutionNode = FALSE
	EndGlobalSection
	GlobalSection(ExtensibilityGlobals) = postSolution
		SolutionGuid = {33510A19-5775-4B6A-9006-FA632517DE96}
	EndGlobalSection
EndGlobal
